<?xml version="1.0" encoding="utf-8"?>
<Project ToolsVersion="4.0" xmlns="http://schemas.microsoft.com/developer/msbuild/2003">
  <ItemGroup>
    <Filter Include="Source Files">
      <UniqueIdentifier>{4FC737F1-C7A5-4376-A066-2A32D752A2FF}</UniqueIdentifier>
      <Extensions>cpp;c;cc;cxx;c++;cppm;ixx;def;odl;idl;hpj;bat;asm;asmx</Extensions>
    </Filter>
    <Filter Include="Header Files">
      <UniqueIdentifier>{93995380-89BD-4b04-88EB-625FBE52EBFB}</UniqueIdentifier>
      <Extensions>h;hh;hpp;hxx;h++;hm;inl;inc;ipp;xsd</Extensions>
    </Filter>
    <Filter Include="Resource Files">
      <UniqueIdentifier>{67DA6AB6-F800-4c08-8B7A-83BB121AAD01}</UniqueIdentifier>
      <Extensions>rc;ico;cur;bmp;dlg;rc2;rct;bin;rgs;gif;jpg;jpeg;jpe;resx;tiff;tif;png;wav;mfcribbon-ms</Extensions>
    </Filter>
  </ItemGroup>
  <ItemGroup>
    <ClCompile Include="main.cpp">
      <Filter>Source Files</Filter>
    </ClCompile>
    <ClCompile Include="src\game.cpp">
      <Filter>Source Files</Filter>
    </ClCompile>
    <ClCompile Include="src\tetris.cpp">
      <Filter>Source Files</Filter>
    </ClCompile>
    <ClCompile Include="src\Tetromino\I.cpp">
      <Filter>Source Files</Filter>
    </ClCompile>
    <ClCompile Include="h\Randomizer\RandomizerBase.hpp">
      <Filter>Source Files</Filter>
    </ClCompile>
    <ClCompile Include="src\Randomizer\RandomizerBase.cpp">
      <Filter>Source Files</Filter>
    </ClCompile>
    <ClCompile Include="src\Randomizer\BagOf7.cpp">
      <Filter>Source Files</Filter>
    </ClCompile>
    <ClCompile Include="src\Tetromino\TetrominoBase.cpp">
      <Filter>Source Files</Filter>
    </ClCompile>
    <ClCompile Include="src\Tetromino\TetrominoHandler.cpp">
      <Filter>Source Files</Filter>
    </ClCompile>
    <ClCompile Include="src\Tetromino\J.cpp">
      <Filter>Source Files</Filter>
    </ClCompile>
    <ClCompile Include="src\Tetromino\L.cpp">
      <Filter>Source Files</Filter>
    </ClCompile>
    <ClCompile Include="src\Tetromino\O.cpp">
      <Filter>Source Files</Filter>
    </ClCompile>
    <ClCompile Include="src\Tetromino\S.cpp">
      <Filter>Source Files</Filter>
    </ClCompile>
    <ClCompile Include="src\Tetromino\T.cpp">
      <Filter>Source Files</Filter>
    </ClCompile>
    <ClCompile Include="src\Tetromino\Z.cpp">
      <Filter>Source Files</Filter>
    </ClCompile>
  </ItemGroup>
  <ItemGroup>
    <ClInclude Include="h\game.hpp">
      <Filter>Header Files</Filter>
    </ClInclude>
    <ClInclude Include="h\tetris.hpp">
      <Filter>Header Files</Filter>
    </ClInclude>
    <ClInclude Include="h\Tetromino\TetrominoBase.hpp">
      <Filter>Header Files</Filter>
    </ClInclude>
    <ClInclude Include="h\Tetromino\I.hpp">
      <Filter>Header Files</Filter>
    </ClInclude>
    <ClInclude Include="h\Tetromino\TetrominoHandler.hpp">
      <Filter>Header Files</Filter>
    </ClInclude>
    <ClInclude Include="h\Randomizer\BagOf7.hpp">
      <Filter>Header Files</Filter>
    </ClInclude>
    <ClInclude Include="h\Tetromino\J.hpp">
      <Filter>Header Files</Filter>
    </ClInclude>
    <ClInclude Include="h\Tetromino\L.hpp">
      <Filter>Header Files</Filter>
    </ClInclude>
    <ClInclude Include="h\Tetromino\O.hpp">
      <Filter>Header Files</Filter>
    </ClInclude>
    <ClInclude Include="h\Tetromino\S.hpp">
      <Filter>Header Files</Filter>
    </ClInclude>
    <ClInclude Include="h\Tetromino\T.hpp">
      <Filter>Header Files</Filter>
    </ClInclude>
    <ClInclude Include="h\Tetromino\Z.hpp">
      <Filter>Header Files</Filter>
    </ClInclude>
  </ItemGroup>
</Project>